
Microsoft Visual Studio Solution File, Format Version 12.00
# Visual Studio Version 17
VisualStudioVersion = 17.8.34601.278
MinimumVisualStudioVersion = 10.0.40219.1
Project("{FAE04EC0-301F-11D3-BF4B-00C04F79EFBC}") = "WebApplication1", "WebApplication1\WebApplication1.csproj", "{91D577C9-CA5E-4950-B1E3-E2BDFCE4763F}"
EndProject
Global
	GlobalSection(SolutionConfigurationPlatforms) = preSolution
		Debug|Any CPU = Debug|Any CPU
		Release|Any CPU = Release|Any CPU
	EndGlobalSection
	GlobalSection(ProjectConfigurationPlatforms) = postSolution
		{91D577C9-CA5E-4950-B1E3-E2BDFCE4763F}.Debug|Any CPU.ActiveCfg = Debug|Any CPU
		{91D577C9-CA5E-4950-B1E3-E2BDFCE4763F}.Debug|Any CPU.Build.0 = Debug|Any CPU
		{91D577C9-CA5E-4950-B1E3-E2BDFCE4763F}.Release|Any CPU.ActiveCfg = Release|Any CPU
		{91D577C9-CA5E-4950-B1E3-E2BDFCE4763F}.Release|Any CPU.Build.0 = Release|Any CPU
	EndGlobalSection
	GlobalSection(SolutionProperties) = preSolution
		HideSolutionNode = FALSE
	EndGlobalSection
	GlobalSection(ExtensibilityGlobals) = postSolution
		SolutionGuid = {EB8BF055-7B52-449C-890B-E886A976F580}
	EndGlobalSection
EndGlobal
